
Microsoft Visual Studio Solution File, Format Version 12.00
# Visual Studio Version 17
VisualStudioVersion = 17.7.34003.232
MinimumVisualStudioVersion = 10.0.40219.1
Project("{9A19103F-16F7-4668-BE54-9A1E7A4F7556}") = "API_Zagumennikov", "API_Zagumennikov\API_Zagumennikov.csproj", "{9A35A78F-7034-44E6-9EE2-59E4F53438E5}"
EndProject
Project("{8BC9CEB8-8B4A-11D0-8D11-00A0C91BC942}") = "Практическая работа №1", "Практическая работа №1\Практическая работа №1.vcxproj", "{05066D0C-A0EE-4DE8-8B35-D6F176AB5CDF}"
EndProject
Project("{FAE04EC0-301F-11D3-BF4B-00C04F79EFBC}") = "Практическое занятие №3. Работа с процессами и потоками", "Практическое занятие №3. Работа с процессами и потоками\Практическое занятие №3. Работа с процессами и потоками.csproj", "{25A9649B-AA34-4355-A32A-A61B4FDC7C54}"
EndProject
Project("{FAE04EC0-301F-11D3-BF4B-00C04F79EFBC}") = "Практическая работа №4. Эмуляция критической секции", "Практическая работа №4. Эмуляция критической секции\Практическая работа №4. Эмуляция критической секции.csproj", "{9FABE521-14F9-48C4-BB7A-A1A38896066C}"
EndProject
Global
	GlobalSection(SolutionConfigurationPlatforms) = preSolution
		Debug|Any CPU = Debug|Any CPU
		Debug|x64 = Debug|x64
		Debug|x86 = Debug|x86
		Release|Any CPU = Release|Any CPU
		Release|x64 = Release|x64
		Release|x86 = Release|x86
	EndGlobalSection
	GlobalSection(ProjectConfigurationPlatforms) = postSolution
		{9A35A78F-7034-44E6-9EE2-59E4F53438E5}.Debug|Any CPU.ActiveCfg = Debug|Any CPU
		{9A35A78F-7034-44E6-9EE2-59E4F53438E5}.Debug|Any CPU.Build.0 = Debug|Any CPU
		{9A35A78F-7034-44E6-9EE2-59E4F53438E5}.Debug|x64.ActiveCfg = Debug|Any CPU
		{9A35A78F-7034-44E6-9EE2-59E4F53438E5}.Debug|x64.Build.0 = Debug|Any CPU
		{9A35A78F-7034-44E6-9EE2-59E4F53438E5}.Debug|x86.ActiveCfg = Debug|Any CPU
		{9A35A78F-7034-44E6-9EE2-59E4F53438E5}.Debug|x86.Build.0 = Debug|Any CPU
		{9A35A78F-7034-44E6-9EE2-59E4F53438E5}.Release|Any CPU.ActiveCfg = Release|Any CPU
		{9A35A78F-7034-44E6-9EE2-59E4F53438E5}.Release|Any CPU.Build.0 = Release|Any CPU
		{9A35A78F-7034-44E6-9EE2-59E4F53438E5}.Release|x64.ActiveCfg = Release|Any CPU
		{9A35A78F-7034-44E6-9EE2-59E4F53438E5}.Release|x64.Build.0 = Release|Any CPU
		{9A35A78F-7034-44E6-9EE2-59E4F53438E5}.Release|x86.ActiveCfg = Release|Any CPU
		{9A35A78F-7034-44E6-9EE2-59E4F53438E5}.Release|x86.Build.0 = Release|Any CPU
		{05066D0C-A0EE-4DE8-8B35-D6F176AB5CDF}.Debug|Any CPU.ActiveCfg = Debug|x64
		{05066D0C-A0EE-4DE8-8B35-D6F176AB5CDF}.Debug|Any CPU.Build.0 = Debug|x64
		{05066D0C-A0EE-4DE8-8B35-D6F176AB5CDF}.Debug|x64.ActiveCfg = Debug|x64
		{05066D0C-A0EE-4DE8-8B35-D6F176AB5CDF}.Debug|x64.Build.0 = Debug|x64
		{05066D0C-A0EE-4DE8-8B35-D6F176AB5CDF}.Debug|x86.ActiveCfg = Debug|Win32
		{05066D0C-A0EE-4DE8-8B35-D6F176AB5CDF}.Debug|x86.Build.0 = Debug|Win32
		{05066D0C-A0EE-4DE8-8B35-D6F176AB5CDF}.Release|Any CPU.ActiveCfg = Release|x64
		{05066D0C-A0EE-4DE8-8B35-D6F176AB5CDF}.Release|Any CPU.Build.0 = Release|x64
		{05066D0C-A0EE-4DE8-8B35-D6F176AB5CDF}.Release|x64.ActiveCfg = Release|x64
		{05066D0C-A0EE-4DE8-8B35-D6F176AB5CDF}.Release|x64.Build.0 = Release|x64
		{05066D0C-A0EE-4DE8-8B35-D6F176AB5CDF}.Release|x86.ActiveCfg = Release|Win32
		{05066D0C-A0EE-4DE8-8B35-D6F176AB5CDF}.Release|x86.Build.0 = Release|Win32
		{25A9649B-AA34-4355-A32A-A61B4FDC7C54}.Debug|Any CPU.ActiveCfg = Debug|Any CPU
		{25A9649B-AA34-4355-A32A-A61B4FDC7C54}.Debug|Any CPU.Build.0 = Debug|Any CPU
		{25A9649B-AA34-4355-A32A-A61B4FDC7C54}.Debug|x64.ActiveCfg = Debug|Any CPU
		{25A9649B-AA34-4355-A32A-A61B4FDC7C54}.Debug|x64.Build.0 = Debug|Any CPU
		{25A9649B-AA34-4355-A32A-A61B4FDC7C54}.Debug|x86.ActiveCfg = Debug|Any CPU
		{25A9649B-AA34-4355-A32A-A61B4FDC7C54}.Debug|x86.Build.0 = Debug|Any CPU
		{25A9649B-AA34-4355-A32A-A61B4FDC7C54}.Release|Any CPU.ActiveCfg = Release|Any CPU
		{25A9649B-AA34-4355-A32A-A61B4FDC7C54}.Release|Any CPU.Build.0 = Release|Any CPU
		{25A9649B-AA34-4355-A32A-A61B4FDC7C54}.Release|x64.ActiveCfg = Release|Any CPU
		{25A9649B-AA34-4355-A32A-A61B4FDC7C54}.Release|x64.Build.0 = Release|Any CPU
		{25A9649B-AA34-4355-A32A-A61B4FDC7C54}.Release|x86.ActiveCfg = Release|Any CPU
		{25A9649B-AA34-4355-A32A-A61B4FDC7C54}.Release|x86.Build.0 = Release|Any CPU
		{9FABE521-14F9-48C4-BB7A-A1A38896066C}.Debug|Any CPU.ActiveCfg = Debug|Any CPU
		{9FABE521-14F9-48C4-BB7A-A1A38896066C}.Debug|Any CPU.Build.0 = Debug|Any CPU
		{9FABE521-14F9-48C4-BB7A-A1A38896066C}.Debug|x64.ActiveCfg = Debug|Any CPU
		{9FABE521-14F9-48C4-BB7A-A1A38896066C}.Debug|x64.Build.0 = Debug|Any CPU
		{9FABE521-14F9-48C4-BB7A-A1A38896066C}.Debug|x86.ActiveCfg = Debug|Any CPU
		{9FABE521-14F9-48C4-BB7A-A1A38896066C}.Debug|x86.Build.0 = Debug|Any CPU
		{9FABE521-14F9-48C4-BB7A-A1A38896066C}.Release|Any CPU.ActiveCfg = Release|Any CPU
		{9FABE521-14F9-48C4-BB7A-A1A38896066C}.Release|Any CPU.Build.0 = Release|Any CPU
		{9FABE521-14F9-48C4-BB7A-A1A38896066C}.Release|x64.ActiveCfg = Release|Any CPU
		{9FABE521-14F9-48C4-BB7A-A1A38896066C}.Release|x64.Build.0 = Release|Any CPU
		{9FABE521-14F9-48C4-BB7A-A1A38896066C}.Release|x86.ActiveCfg = Release|Any CPU
		{9FABE521-14F9-48C4-BB7A-A1A38896066C}.Release|x86.Build.0 = Release|Any CPU
	EndGlobalSection
	GlobalSection(SolutionProperties) = preSolution
		HideSolutionNode = FALSE
	EndGlobalSection
	GlobalSection(ExtensibilityGlobals) = postSolution
		SolutionGuid = {7A3664AE-DA4B-47F5-86E6-B7D94485904F}
	EndGlobalSection
EndGlobal
